
Microsoft Visual Studio Solution File, Format Version 12.00
# Visual Studio Version 17
VisualStudioVersion = 17.9.34723.18
MinimumVisualStudioVersion = 10.0.40219.1
Project("{FAE04EC0-301F-11D3-BF4B-00C04F79EFBC}") = "RedMine_backend", "RedMine_backend\RedMine_backend.csproj", "{64BA9BB3-CF77-4756-B532-2B7968A90BF6}"
EndProject
Global
	GlobalSection(SolutionConfigurationPlatforms) = preSolution
		Debug|Any CPU = Debug|Any CPU
		Release|Any CPU = Release|Any CPU
	EndGlobalSection
	GlobalSection(ProjectConfigurationPlatforms) = postSolution
		{64BA9BB3-CF77-4756-B532-2B7968A90BF6}.Debug|Any CPU.ActiveCfg = Debug|Any CPU
		{64BA9BB3-CF77-4756-B532-2B7968A90BF6}.Debug|Any CPU.Build.0 = Debug|Any CPU
		{64BA9BB3-CF77-4756-B532-2B7968A90BF6}.Release|Any CPU.ActiveCfg = Release|Any CPU
		{64BA9BB3-CF77-4756-B532-2B7968A90BF6}.Release|Any CPU.Build.0 = Release|Any CPU
	EndGlobalSection
	GlobalSection(SolutionProperties) = preSolution
		HideSolutionNode = FALSE
	EndGlobalSection
	GlobalSection(ExtensibilityGlobals) = postSolution
		SolutionGuid = {BB8CDB29-15E1-43A9-BEAC-24F361B24496}
	EndGlobalSection
EndGlobal
